
Microsoft Visual Studio Solution File, Format Version 12.00
Project("{FAE04EC0-301F-11D3-BF4B-00C04F79EFBC}") = "Profile.Api", "Profile.Api\Profile.Api.csproj", "{AA14D177-C984-4D51-8D5B-1507C3004855}"
EndProject
Project("{2150E333-8FDC-42A3-9474-1A3956D46DE8}") = "Root", "Root", "{628535CD-B379-461D-8A91-98339AC928E8}"
	ProjectSection(SolutionItems) = preProject
		.dockerignore = .dockerignore
		.editorconfig = .editorconfig
		.env = .env
		.gitignore = .gitignore
		Dockerfile = Dockerfile
		LICENSE = LICENSE
		README.md = README.md
	EndProjectSection
EndProject
Project("{FAE04EC0-301F-11D3-BF4B-00C04F79EFBC}") = "Profile.Domain", "Profile.Domain\Profile.Domain.csproj", "{0372E441-39F2-4641-AF56-D92DD93F8C13}"
EndProject
Global
	GlobalSection(SolutionConfigurationPlatforms) = preSolution
		Debug|Any CPU = Debug|Any CPU
		Release|Any CPU = Release|Any CPU
	EndGlobalSection
	GlobalSection(ProjectConfigurationPlatforms) = postSolution
		{AA14D177-C984-4D51-8D5B-1507C3004855}.Debug|Any CPU.ActiveCfg = Debug|Any CPU
		{AA14D177-C984-4D51-8D5B-1507C3004855}.Debug|Any CPU.Build.0 = Debug|Any CPU
		{AA14D177-C984-4D51-8D5B-1507C3004855}.Release|Any CPU.ActiveCfg = Release|Any CPU
		{AA14D177-C984-4D51-8D5B-1507C3004855}.Release|Any CPU.Build.0 = Release|Any CPU
		{0372E441-39F2-4641-AF56-D92DD93F8C13}.Debug|Any CPU.ActiveCfg = Debug|Any CPU
		{0372E441-39F2-4641-AF56-D92DD93F8C13}.Debug|Any CPU.Build.0 = Debug|Any CPU
		{0372E441-39F2-4641-AF56-D92DD93F8C13}.Release|Any CPU.ActiveCfg = Release|Any CPU
		{0372E441-39F2-4641-AF56-D92DD93F8C13}.Release|Any CPU.Build.0 = Release|Any CPU
	EndGlobalSection
EndGlobal
